
Microsoft Visual Studio Solution File, Format Version 12.00
Project("{FAE04EC0-301F-11D3-BF4B-00C04F79EFBC}") = "Warehouse.AzureFunction.Movements", "Warehouse.AzureFunction.Movements\Warehouse.AzureFunction.Movements.csproj", "{FAC06CC2-D3B5-4A7E-A953-9DF8577819F6}"
EndProject
Global
	GlobalSection(SolutionConfigurationPlatforms) = preSolution
		Debug|Any CPU = Debug|Any CPU
		Release|Any CPU = Release|Any CPU
	EndGlobalSection
	GlobalSection(ProjectConfigurationPlatforms) = postSolution
		{FAC06CC2-D3B5-4A7E-A953-9DF8577819F6}.Debug|Any CPU.ActiveCfg = Debug|Any CPU
		{FAC06CC2-D3B5-4A7E-A953-9DF8577819F6}.Debug|Any CPU.Build.0 = Debug|Any CPU
		{FAC06CC2-D3B5-4A7E-A953-9DF8577819F6}.Release|Any CPU.ActiveCfg = Release|Any CPU
		{FAC06CC2-D3B5-4A7E-A953-9DF8577819F6}.Release|Any CPU.Build.0 = Release|Any CPU
	EndGlobalSection
EndGlobal
